
Microsoft Visual Studio Solution File, Format Version 12.00
# Visual Studio Version 17
VisualStudioVersion = 17.13.35931.197 d17.13
MinimumVisualStudioVersion = 10.0.40219.1
Project("{FAE04EC0-301F-11D3-BF4B-00C04F79EFBC}") = "TritoteNic_test", "TritoteNic_test\TritoteNic_test.csproj", "{D4075F0C-F89A-45A0-A7F8-8FFB7985C89D}"
EndProject
Global
	GlobalSection(SolutionConfigurationPlatforms) = preSolution
		Debug|Any CPU = Debug|Any CPU
		Release|Any CPU = Release|Any CPU
	EndGlobalSection
	GlobalSection(ProjectConfigurationPlatforms) = postSolution
		{D4075F0C-F89A-45A0-A7F8-8FFB7985C89D}.Debug|Any CPU.ActiveCfg = Debug|Any CPU
		{D4075F0C-F89A-45A0-A7F8-8FFB7985C89D}.Debug|Any CPU.Build.0 = Debug|Any CPU
		{D4075F0C-F89A-45A0-A7F8-8FFB7985C89D}.Release|Any CPU.ActiveCfg = Release|Any CPU
		{D4075F0C-F89A-45A0-A7F8-8FFB7985C89D}.Release|Any CPU.Build.0 = Release|Any CPU
	EndGlobalSection
	GlobalSection(SolutionProperties) = preSolution
		HideSolutionNode = FALSE
	EndGlobalSection
	GlobalSection(ExtensibilityGlobals) = postSolution
		SolutionGuid = {29B021A6-7D76-4163-9AB3-9A3C080E910E}
	EndGlobalSection
EndGlobal
