
Microsoft Visual Studio Solution File, Format Version 12.00
# Visual Studio Version 17
VisualStudioVersion = 17.14.36705.20 d17.14
MinimumVisualStudioVersion = 10.0.40219.1
Project("{FAE04EC0-301F-11D3-BF4B-00C04F79EFBC}") = "TritoteNic", "TritoteNic.csproj", "{5312D817-1952-4A56-AB81-194A59785EF5}"
EndProject
Project("{FAE04EC0-301F-11D3-BF4B-00C04F79EFBC}") = "SharedModels", "..\SharedModels\SharedModels.csproj", "{BB571911-07A1-4EC9-9DFE-BF96A37389EF}"
EndProject
Global
	GlobalSection(SolutionConfigurationPlatforms) = preSolution
		Debug|Any CPU = Debug|Any CPU
		Release|Any CPU = Release|Any CPU
	EndGlobalSection
	GlobalSection(ProjectConfigurationPlatforms) = postSolution
		{5312D817-1952-4A56-AB81-194A59785EF5}.Debug|Any CPU.ActiveCfg = Debug|Any CPU
		{5312D817-1952-4A56-AB81-194A59785EF5}.Debug|Any CPU.Build.0 = Debug|Any CPU
		{5312D817-1952-4A56-AB81-194A59785EF5}.Release|Any CPU.ActiveCfg = Release|Any CPU
		{5312D817-1952-4A56-AB81-194A59785EF5}.Release|Any CPU.Build.0 = Release|Any CPU
		{BB571911-07A1-4EC9-9DFE-BF96A37389EF}.Debug|Any CPU.ActiveCfg = Debug|Any CPU
		{BB571911-07A1-4EC9-9DFE-BF96A37389EF}.Debug|Any CPU.Build.0 = Debug|Any CPU
		{BB571911-07A1-4EC9-9DFE-BF96A37389EF}.Release|Any CPU.ActiveCfg = Release|Any CPU
		{BB571911-07A1-4EC9-9DFE-BF96A37389EF}.Release|Any CPU.Build.0 = Release|Any CPU
	EndGlobalSection
	GlobalSection(SolutionProperties) = preSolution
		HideSolutionNode = FALSE
	EndGlobalSection
	GlobalSection(ExtensibilityGlobals) = postSolution
		SolutionGuid = {63D003BE-D224-4127-8590-31476FA45F15}
	EndGlobalSection
EndGlobal
